<?xml version="1.0" encoding="utf-8"?>
<Project ToolsVersion="4.0" xmlns="http://schemas.microsoft.com/developer/msbuild/2003">
  <ItemGroup>
    <Filter Include="Source Files">
      <UniqueIdentifier>{4FC737F1-C7A5-4376-A066-2A32D752A2FF}</UniqueIdentifier>
      <Extensions>cpp;c;cc;cxx;def;odl;idl;hpj;bat;asm;asmx</Extensions>
    </Filter>
    <Filter Include="Header Files">
      <UniqueIdentifier>{93995380-89BD-4b04-88EB-625FBE52EBFB}</UniqueIdentifier>
      <Extensions>h;hh;hpp;hxx;hm;inl;inc;xsd</Extensions>
    </Filter>
    <Filter Include="Resource Files">
      <UniqueIdentifier>{67DA6AB6-F800-4c08-8B7A-83BB121AAD01}</UniqueIdentifier>
      <Extensions>rc;ico;cur;bmp;dlg;rc2;rct;bin;rgs;gif;jpg;jpeg;jpe;resx;tiff;tif;png;wav;mfcribbon-ms</Extensions>
    </Filter>
    <Filter Include="Source Files\codehoox">
      <UniqueIdentifier>{b58f018d-c644-41f4-9a2f-65bef2b64ecc}</UniqueIdentifier>
    </Filter>
    <Filter Include="Header Files\codehoox">
      <UniqueIdentifier>{63b87aeb-431a-4cc5-8e05-5395d4bc0f93}</UniqueIdentifier>
    </Filter>
  </ItemGroup>
  <ItemGroup>
    <ClCompile Include="testmain.cpp">
      <Filter>Source Files</Filter>
    </ClCompile>
    <ClCompile Include="..\process.c">
      <Filter>Source Files\codehoox</Filter>
    </ClCompile>
    <ClCompile Include="..\thread.c">
      <Filter>Source Files\codehoox</Filter>
    </ClCompile>
    <ClCompile Include="..\apiset.c">
      <Filter>Source Files\codehoox</Filter>
    </ClCompile>
    <ClCompile Include="..\disasm_x64.c">
      <Filter>Source Files\codehoox</Filter>
    </ClCompile>
    <ClCompile Include="..\disasm_x86.c">
      <Filter>Source Files\codehoox</Filter>
    </ClCompile>
    <ClCompile Include="..\image.c">
      <Filter>Source Files\codehoox</Filter>
    </ClCompile>
    <ClCompile Include="..\ntdll.c">
      <Filter>Source Files\codehoox</Filter>
    </ClCompile>
    <ClCompile Include="..\strutil.c">
      <Filter>Source Files\codehoox</Filter>
    </ClCompile>
    <ClCompile Include="..\codehoox_x64.c">
      <Filter>Source Files\codehoox</Filter>
    </ClCompile>
    <ClCompile Include="..\codehoox_x86.c">
      <Filter>Source Files\codehoox</Filter>
    </ClCompile>
    <ClCompile Include="tlstest.cpp">
      <Filter>Source Files</Filter>
    </ClCompile>
    <ClCompile Include="hooktest.cpp">
      <Filter>Source Files</Filter>
    </ClCompile>
  </ItemGroup>
  <ItemGroup>
    <ClInclude Include="..\ntdll.h">
      <Filter>Header Files\codehoox</Filter>
    </ClInclude>
    <ClInclude Include="..\process.h">
      <Filter>Header Files\codehoox</Filter>
    </ClInclude>
    <ClInclude Include="..\thread.h">
      <Filter>Header Files\codehoox</Filter>
    </ClInclude>
    <ClInclude Include="..\apiset.h">
      <Filter>Header Files\codehoox</Filter>
    </ClInclude>
    <ClInclude Include="..\disasm.h">
      <Filter>Header Files\codehoox</Filter>
    </ClInclude>
    <ClInclude Include="..\image.h">
      <Filter>Header Files\codehoox</Filter>
    </ClInclude>
    <ClInclude Include="..\strutil.h">
      <Filter>Header Files\codehoox</Filter>
    </ClInclude>
    <ClInclude Include="..\ntmacros.h">
      <Filter>Header Files\codehoox</Filter>
    </ClInclude>
    <ClInclude Include="tlstest.h">
      <Filter>Header Files</Filter>
    </ClInclude>
  </ItemGroup>
</Project>